
Microsoft Visual Studio Solution File, Format Version 12.00
# Visual Studio Version 17
VisualStudioVersion = 17.14.36310.24
MinimumVisualStudioVersion = 10.0.40219.1
Project("{FAE04EC0-301F-11D3-BF4B-00C04F79EFBC}") = "codeessentials.SemanticKernel.PromptTemplates.Git", "src\codeessentials.SemanticKernel.PromptTemplates.Git.csproj", "{D7E63333-9711-BD6E-E37B-EE293CF85793}"
EndProject
Project("{FAE04EC0-301F-11D3-BF4B-00C04F79EFBC}") = "PromptTemplates.Git.Tests", "tests\PromptTemplates.Git.Tests\PromptTemplates.Git.Tests.csproj", "{1F3796EA-B4AF-446C-895B-73C7120FE39D}"
EndProject
Global
	GlobalSection(SolutionConfigurationPlatforms) = preSolution
		Debug|Any CPU = Debug|Any CPU
		Release|Any CPU = Release|Any CPU
	EndGlobalSection
	GlobalSection(ProjectConfigurationPlatforms) = postSolution
		{D7E63333-9711-BD6E-E37B-EE293CF85793}.Debug|Any CPU.ActiveCfg = Debug|Any CPU
		{D7E63333-9711-BD6E-E37B-EE293CF85793}.Debug|Any CPU.Build.0 = Debug|Any CPU
		{D7E63333-9711-BD6E-E37B-EE293CF85793}.Release|Any CPU.ActiveCfg = Release|Any CPU
		{D7E63333-9711-BD6E-E37B-EE293CF85793}.Release|Any CPU.Build.0 = Release|Any CPU
		{1F3796EA-B4AF-446C-895B-73C7120FE39D}.Debug|Any CPU.ActiveCfg = Debug|Any CPU
		{1F3796EA-B4AF-446C-895B-73C7120FE39D}.Debug|Any CPU.Build.0 = Debug|Any CPU
		{1F3796EA-B4AF-446C-895B-73C7120FE39D}.Release|Any CPU.ActiveCfg = Release|Any CPU
		{1F3796EA-B4AF-446C-895B-73C7120FE39D}.Release|Any CPU.Build.0 = Release|Any CPU
	EndGlobalSection
	GlobalSection(SolutionProperties) = preSolution
		HideSolutionNode = FALSE
	EndGlobalSection
	GlobalSection(ExtensibilityGlobals) = postSolution
		SolutionGuid = {7409A1F5-3CB6-4A72-8C88-5E94B8D4580E}
	EndGlobalSection
EndGlobal
